// !$*UTF8*$!
{
	archiveVersion = 1;
	classes = {
	};
	objectVersion = 46;
	objects = {

/* Begin PBXBuildFile section */
		BCEB77BE1C17BD580029F854 /* main.m in Sources */ = {isa = PBXBuildFile; fileRef = BCEB77BD1C17BD580029F854 /* main.m */; };
		BCEB77C11C17BD580029F854 /* AppDelegate.m in Sources */ = {isa = PBXBuildFile; fileRef = BCEB77C01C17BD580029F854 /* AppDelegate.m */; };
		BCEB77C41C17BD580029F854 /* ViewController.m in Sources */ = {isa = PBXBuildFile; fileRef = BCEB77C31C17BD580029F854 /* ViewController.m */; };
		BCEB77C71C17BD580029F854 /* Main.storyboard in Resources */ = {isa = PBXBuildFile; fileRef = BCEB77C51C17BD580029F854 /* Main.storyboard */; };
		BCEB77CA1C17BD580029F854 /* TestGitHub.xcdatamodeld in Sources */ = {isa = PBXBuildFile; fileRef = BCEB77C81C17BD580029F854 /* TestGitHub.xcdatamodeld */; };
		BCEB77CC1C17BD580029F854 /* Assets.xcassets in Resources */ = {isa = PBXBuildFile; fileRef = BCEB77CB1C17BD580029F854 /* Assets.xcassets */; };
		BCEB77CF1C17BD580029F854 /* LaunchScreen.storyboard in Resources */ = {isa = PBXBuildFile; fileRef = BCEB77CD1C17BD580029F854 /* LaunchScreen.storyboard */; };
		BCEB77DA1C17BD580029F854 /* TestGitHubTests.m in Sources */ = {isa = PBXBuildFile; fileRef = BCEB77D91C17BD580029F854 /* TestGitHubTests.m */; };
		BCEB77E51C17BD580029F854 /* TestGitHubUITests.m in Sources */ = {isa = PBXBuildFile; fileRef = BCEB77E41C17BD580029F854 /* TestGitHubUITests.m */; };
/* End PBXBuildFile section */

/* Begin PBXContainerItemProxy section */
		BCEB77D61C17BD580029F854 /* PBXContainerItemProxy */ = {
			isa = PBXContainerItemProxy;
			containerPortal = BCEB77B11C17BD580029F854 /* Project object */;
			proxyType = 1;
			remoteGlobalIDString = BCEB77B81C17BD580029F854;
			remoteInfo = TestGitHub;
		};
		BCEB77E11C17BD580029F854 /* PBXContainerItemProxy */ = {
			isa = PBXContainerItemProxy;
			containerPortal = BCEB77B11C17BD580029F854 /* Project object */;
			proxyType = 1;
			remoteGlobalIDString = BCEB77B81C17BD580029F854;
			remoteInfo = TestGitHub;
		};
/* End PBXContainerItemProxy section */

/* Begin PBXFileReference section */
		BCEB77B91C17BD580029F854 /* TestGitHub.app */ = {isa = PBXFileReference; explicitFileType = wrapper.application; includeInIndex = 0; path = TestGitHub.app; sourceTree = BUILT_PRODUCTS_DIR; };
		BCEB77BD1C17BD580029F854 /* main.m */ = {isa = PBXFileReference; lastKnownFileType = sourcecode.c.objc; path = main.m; sourceTree = "<group>"; };
		BCEB77BF1C17BD580029F854 /* AppDelegate.h */ = {isa = PBXFileReference; lastKnownFileType = sourcecode.c.h; path = AppDelegate.h; sourceTree = "<group>"; };
		BCEB77C01C17BD580029F854 /* AppDelegate.m */ = {isa = PBXFileReference; lastKnownFileType = sourcecode.c.objc; path = AppDelegate.m; sourceTree = "<group>"; };
		BCEB77C21C17BD580029F854 /* ViewController.h */ = {isa = PBXFileReference; lastKnownFileType = sourcecode.c.h; path = ViewController.h; sourceTree = "<group>"; };
		BCEB77C31C17BD580029F854 /* ViewController.m */ = {isa = PBXFileReference; lastKnownFileType = sourcecode.c.objc; path = ViewController.m; sourceTree = "<group>"; };
		BCEB77C61C17BD580029F854 /* Base */ = {isa = PBXFileReference; lastKnownFileType = file.storyboard; name = Base; path = Base.lproj/Main.storyboard; sourceTree = "<group>"; };
		BCEB77C91C17BD580029F854 /* TestGitHub.xcdatamodel */ = {isa = PBXFileReference; lastKnownFileType = wrapper.xcdatamodel; path = TestGitHub.xcdatamodel; sourceTree = "<group>"; };
		BCEB77CB1C17BD580029F854 /* Assets.xcassets */ = {isa = PBXFileReference; lastKnownFileType = folder.assetcatalog; path = Assets.xcassets; sourceTree = "<group>"; };
		BCEB77CE1C17BD580029F854 /* Base */ = {isa = PBXFileReference; lastKnownFileType = file.storyboard; name = Base; path = Base.lproj/LaunchScreen.storyboard; sourceTree = "<group>"; };
		BCEB77D01C17BD580029F854 /* Info.plist */ = {isa = PBXFileReference; lastKnownFileType = text.plist.xml; path = Info.plist; sourceTree = "<group>"; };
		BCEB77D51C17BD580029F854 /* TestGitHubTests.xctest */ = {isa = PBXFileReference; explicitFileType = wrapper.cfbundle; includeInIndex = 0; path = TestGitHubTests.xctest; sourceTree = BUILT_PRODUCTS_DIR; };
		BCEB77D91C17BD580029F854 /* TestGitHubTests.m */ = {isa = PBXFileReference; lastKnownFileType = sourcecode.c.objc; path = TestGitHubTests.m; sourceTree = "<group>"; };
		BCEB77DB1C17BD580029F854 /* Info.plist */ = {isa = PBXFileReference; lastKnownFileType = text.plist.xml; path = Info.plist; sourceTree = "<group>"; };
		BCEB77E01C17BD580029F854 /* TestGitHubUITests.xctest */ = {isa = PBXFileReference; explicitFileType = wrapper.cfbundle; includeInIndex = 0; path = TestGitHubUITests.xctest; sourceTree = BUILT_PRODUCTS_DIR; };
		BCEB77E41C17BD580029F854 /* TestGitHubUITests.m */ = {isa = PBXFileReference; lastKnownFileType = sourcecode.c.objc; path = TestGitHubUITests.m; sourceTree = "<group>"; };
		BCEB77E61C17BD580029F854 /* Info.plist */ = {isa = PBXFileReference; lastKnownFileType = text.plist.xml; path = Info.plist; sourceTree = "<group>"; };
/* End PBXFileReference section */

/* Begin PBXFrameworksBuildPhase section */
		BCEB77B61C17BD580029F854 /* Frameworks */ = {
			isa = PBXFrameworksBuildPhase;
			buildActionMask = 2147483647;
			files = (
			);
			runOnlyForDeploymentPostprocessing = 0;
		};
		BCEB77D21C17BD580029F854 /* Frameworks */ = {
			isa = PBXFrameworksBuildPhase;
			buildActionMask = 2147483647;
			files = (
			);
			runOnlyForDeploymentPostprocessing = 0;
		};
		BCEB77DD1C17BD580029F854 /* Frameworks */ = {
			isa = PBXFrameworksBuildPhase;
			buildActionMask = 2147483647;
			files = (
			);
			runOnlyForDeploymentPostprocessing = 0;
		};
/* End PBXFrameworksBuildPhase section */

/* Begin PBXGroup section */
		BCEB77B01C17BD580029F854 = {
			isa = PBXGroup;
			children = (
				BCEB77BB1C17BD580029F854 /* TestGitHub */,
				BCEB77D81C17BD580029F854 /* TestGitHubTests */,
				BCEB77E31C17BD580029F854 /* TestGitHubUITests */,
				BCEB77BA1C17BD580029F854 /* Products */,
			);
			sourceTree = "<group>";
		};
		BCEB77BA1C17BD580029F854 /* Products */ = {
			isa = PBXGroup;
			children = (
				BCEB77B91C17BD580029F854 /* TestGitHub.app */,
				BCEB77D51C17BD580029F854 /* TestGitHubTests.xctest */,
				BCEB77E01C17BD580029F854 /* TestGitHubUITests.xctest */,
			);
			name = Products;
			sourceTree = "<group>";
		};
		BCEB77BB1C17BD580029F854 /* TestGitHub */ = {
			isa = PBXGroup;
			children = (
				BCEB77BF1C17BD580029F854 /* AppDelegate.h */,
				BCEB77C01C17BD580029F854 /* AppDelegate.m */,
				BCEB77C21C17BD580029F854 /* ViewController.h */,
				BCEB77C31C17BD580029F854 /* ViewController.m */,
				BCEB77C51C17BD580029F854 /* Main.storyboard */,
				BCEB77CB1C17BD580029F854 /* Assets.xcassets */,
				BCEB77CD1C17BD580029F854 /* LaunchScreen.storyboard */,
				BCEB77D01C17BD580029F854 /* Info.plist */,
				BCEB77C81C17BD580029F854 /* TestGitHub.xcdatamodeld */,
				BCEB77BC1C17BD580029F854 /* Supporting Files */,
			);
			path = TestGitHub;
			sourceTree = "<group>";
		};
		BCEB77BC1C17BD580029F854 /* Supporting Files */ = {
			isa = PBXGroup;
			children = (
				BCEB77BD1C17BD580029F854 /* main.m */,
			);
			name = "Supporting Files";
			sourceTree = "<group>";
		};
		BCEB77D81C17BD580029F854 /* TestGitHubTests */ = {
			isa = PBXGroup;
			children = (
				BCEB77D91C17BD580029F854 /* TestGitHubTests.m */,
				BCEB77DB1C17BD580029F854 /* Info.plist */,
			);
			path = TestGitHubTests;
			sourceTree = "<group>";
		};
		BCEB77E31C17BD580029F854 /* TestGitHubUITests */ = {
			isa = PBXGroup;
			children = (
				BCEB77E41C17BD580029F854 /* TestGitHubUITests.m */,
				BCEB77E61C17BD580029F854 /* Info.plist */,
			);
			path = TestGitHubUITests;
			sourceTree = "<group>";
		};
/* End PBXGroup section */

/* Begin PBXNativeTarget section */
		BCEB77B81C17BD580029F854 /* TestGitHub */ = {
			isa = PBXNativeTarget;
			buildConfigurationList = BCEB77E91C17BD580029F854 /* Build configuration list for PBXNativeTarget "TestGitHub" */;
			buildPhases = (
				BCEB77B51C17BD580029F854 /* Sources */,
				BCEB77B61C17BD580029F854 /* Frameworks */,
				BCEB77B71C17BD580029F854 /* Resources */,
			);
			buildRules = (
			);
			dependencies = (
			);
			name = TestGitHub;
			productName = TestGitHub;
			productReference = BCEB77B91C17BD580029F854 /* TestGitHub.app */;
			productType = "com.apple.product-type.application";
		};
		BCEB77D41C17BD580029F854 /* TestGitHubTests */ = {
			isa = PBXNativeTarget;
			buildConfigurationList = BCEB77EC1C17BD580029F854 /* Build configuration list for PBXNativeTarget "TestGitHubTests" */;
			buildPhases = (
				BCEB77D11C17BD580029F854 /* Sources */,
				BCEB77D21C17BD580029F854 /* Frameworks */,
				BCEB77D31C17BD580029F854 /* Resources */,
			);
			buildRules = (
			);
			dependencies = (
				BCEB77D71C17BD580029F854 /* PBXTargetDependency */,
			);
			name = TestGitHubTests;
			productName = TestGitHubTests;
			productReference = BCEB77D51C17BD580029F854 /* TestGitHubTests.xctest */;
			productType = "com.apple.product-type.bundle.unit-test";
		};
		BCEB77DF1C17BD580029F854 /* TestGitHubUITests */ = {
			isa = PBXNativeTarget;
			buildConfigurationList = BCEB77EF1C17BD580029F854 /* Build configuration list for PBXNativeTarget "TestGitHubUITests" */;
			buildPhases = (
				BCEB77DC1C17BD580029F854 /* Sources */,
				BCEB77DD1C17BD580029F854 /* Frameworks */,
				BCEB77DE1C17BD580029F854 /* Resources */,
			);
			buildRules = (
			);
			dependencies = (
				BCEB77E21C17BD580029F854 /* PBXTargetDependency */,
			);
			name = TestGitHubUITests;
			productName = TestGitHubUITests;
			productReference = BCEB77E01C17BD580029F854 /* TestGitHubUITests.xctest */;
			productType = "com.apple.product-type.bundle.ui-testing";
		};
/* End PBXNativeTarget section */

/* Begin PBXProject section */
		BCEB77B11C17BD580029F854 /* Project object */ = {
			isa = PBXProject;
			attributes = {
				LastUpgradeCheck = 0710;
				ORGANIZATIONNAME = huqian;
				TargetAttributes = {
					BCEB77B81C17BD580029F854 = {
						CreatedOnToolsVersion = 7.1;
					};
					BCEB77D41C17BD580029F854 = {
						CreatedOnToolsVersion = 7.1;
						TestTargetID = BCEB77B81C17BD580029F854;
					};
					BCEB77DF1C17BD580029F854 = {
						CreatedOnToolsVersion = 7.1;
						TestTargetID = BCEB77B81C17BD580029F854;
					};
				};
			};
			buildConfigurationList = BCEB77B41C17BD580029F854 /* Build configuration list for PBXProject "TestGitHub" */;
			compatibilityVersion = "Xcode 3.2";
			developmentRegion = English;
			hasScannedForEncodings = 0;
			knownRegions = (
				en,
				Base,
			);
			mainGroup = BCEB77B01C17BD580029F854;
			productRefGroup = BCEB77BA1C17BD580029F854 /* Products */;
			projectDirPath = "";
			projectRoot = "";
			targets = (
				BCEB77B81C17BD580029F854 /* TestGitHub */,
				BCEB77D41C17BD580029F854 /* TestGitHubTests */,
				BCEB77DF1C17BD580029F854 /* TestGitHubUITests */,
			);
		};
/* End PBXProject section */

/* Begin PBXResourcesBuildPhase section */
		BCEB77B71C17BD580029F854 /* Resources */ = {
			isa = PBXResourcesBuildPhase;
			buildActionMask = 2147483647;
			files = (
				BCEB77CF1C17BD580029F854 /* LaunchScreen.storyboard in Resources */,
				BCEB77CC1C17BD580029F854 /* Assets.xcassets in Resources */,
				BCEB77C71C17BD580029F854 /* Main.storyboard in Resources */,
			);
			runOnlyForDeploymentPostprocessing = 0;
		};
		BCEB77D31C17BD580029F854 /* Resources */ = {
			isa = PBXResourcesBuildPhase;
			buildActionMask = 2147483647;
			files = (
			);
			runOnlyForDeploymentPostprocessing = 0;
		};
		BCEB77DE1C17BD580029F854 /* Resources */ = {
			isa = PBXResourcesBuildPhase;
			buildActionMask = 2147483647;
			files = (
			);
			runOnlyForDeploymentPostprocessing = 0;
		};
/* End PBXResourcesBuildPhase section */

/* Begin PBXSourcesBuildPhase section */
		BCEB77B51C17BD580029F854 /* Sources */ = {
			isa = PBXSourcesBuildPhase;
			buildActionMask = 2147483647;
			files = (
				BCEB77C41C17BD580029F854 /* ViewController.m in Sources */,
				BCEB77C11C17BD580029F854 /* AppDelegate.m in Sources */,
				BCEB77CA1C17BD580029F854 /* TestGitHub.xcdatamodeld in Sources */,
				BCEB77BE1C17BD580029F854 /* main.m in Sources */,
			);
			runOnlyForDeploymentPostprocessing = 0;
		};
		BCEB77D11C17BD580029F854 /* Sources */ = {
			isa = PBXSourcesBuildPhase;
			buildActionMask = 2147483647;
			files = (
				BCEB77DA1C17BD580029F854 /* TestGitHubTests.m in Sources */,
			);
			runOnlyForDeploymentPostprocessing = 0;
		};
		BCEB77DC1C17BD580029F854 /* Sources */ = {
			isa = PBXSourcesBuildPhase;
			buildActionMask = 2147483647;
			files = (
				BCEB77E51C17BD580029F854 /* TestGitHubUITests.m in Sources */,
			);
			runOnlyForDeploymentPostprocessing = 0;
		};
/* End PBXSourcesBuildPhase section */

/* Begin PBXTargetDependency section */
		BCEB77D71C17BD580029F854 /* PBXTargetDependency */ = {
			isa = PBXTargetDependency;
			target = BCEB77B81C17BD580029F854 /* TestGitHub */;
			targetProxy = BCEB77D61C17BD580029F854 /* PBXContainerItemProxy */;
		};
		BCEB77E21C17BD580029F854 /* PBXTargetDependency */ = {
			isa = PBXTargetDependency;
			target = BCEB77B81C17BD580029F854 /* TestGitHub */;
			targetProxy = BCEB77E11C17BD580029F854 /* PBXContainerItemProxy */;
		};
/* End PBXTargetDependency section */

/* Begin PBXVariantGroup section */
		BCEB77C51C17BD580029F854 /* Main.storyboard */ = {
			isa = PBXVariantGroup;
			children = (
				BCEB77C61C17BD580029F854 /* Base */,
			);
			name = Main.storyboard;
			sourceTree = "<group>";
		};
		BCEB77CD1C17BD580029F854 /* LaunchScreen.storyboard */ = {
			isa = PBXVariantGroup;
			children = (
				BCEB77CE1C17BD580029F854 /* Base */,
			);
			name = LaunchScreen.storyboard;
			sourceTree = "<group>";
		};
/* End PBXVariantGroup section */

/* Begin XCBuildConfiguration section */
		BCEB77E71C17BD580029F854 /* Debug */ = {
			isa = XCBuildConfiguration;
			buildSettings = {
				ALWAYS_SEARCH_USER_PATHS = NO;
				CLANG_CXX_LANGUAGE_STANDARD = "gnu++0x";
				CLANG_CXX_LIBRARY = "libc++";
				CLANG_ENABLE_MODULES = YES;
				CLANG_ENABLE_OBJC_ARC = YES;
				CLANG_WARN_BOOL_CONVERSION = YES;
				CLANG_WARN_CONSTANT_CONVERSION = YES;
				CLANG_WARN_DIRECT_OBJC_ISA_USAGE = YES_ERROR;
				CLANG_WARN_EMPTY_BODY = YES;
				CLANG_WARN_ENUM_CONVERSION = YES;
				CLANG_WARN_INT_CONVERSION = YES;
				CLANG_WARN_OBJC_ROOT_CLASS = YES_ERROR;
				CLANG_WARN_UNREACHABLE_CODE = YES;
				CLANG_WARN__DUPLICATE_METHOD_MATCH = YES;
				"CODE_SIGN_IDENTITY[sdk=iphoneos*]" = "iPhone Developer";
				COPY_PHASE_STRIP = NO;
				DEBUG_INFORMATION_FORMAT = dwarf;
				ENABLE_STRICT_OBJC_MSGSEND = YES;
				ENABLE_TESTABILITY = YES;
				GCC_C_LANGUAGE_STANDARD = gnu99;
				GCC_DYNAMIC_NO_PIC = NO;
				GCC_NO_COMMON_BLOCKS = YES;
				GCC_OPTIMIZATION_LEVEL = 0;
				GCC_PREPROCESSOR_DEFINITIONS = (
					"DEBUG=1",
					"$(inherited)",
				);
				GCC_WARN_64_TO_32_BIT_CONVERSION = YES;
				GCC_WARN_ABOUT_RETURN_TYPE = YES_ERROR;
				GCC_WARN_UNDECLARED_SELECTOR = YES;
				GCC_WARN_UNINITIALIZED_AUTOS = YES_AGGRESSIVE;
				GCC_WARN_UNUSED_FUNCTION = YES;
				GCC_WARN_UNUSED_VARIABLE = YES;
				IPHONEOS_DEPLOYMENT_TARGET = 9.1;
				MTL_ENABLE_DEBUG_INFO = YES;
				ONLY_ACTIVE_ARCH = YES;
				SDKROOT = iphoneos;
			};
			name = Debug;
		};
		BCEB77E81C17BD580029F854 /* Release */ = {
			isa = XCBuildConfiguration;
			buildSettings = {
				ALWAYS_SEARCH_USER_PATHS = NO;
				CLANG_CXX_LANGUAGE_STANDARD = "gnu++0x";
				CLANG_CXX_LIBRARY = "libc++";
				CLANG_ENABLE_MODULES = YES;
				CLANG_ENABLE_OBJC_ARC = YES;
				CLANG_WARN_BOOL_CONVERSION = YES;
				CLANG_WARN_CONSTANT_CONVERSION = YES;
				CLANG_WARN_DIRECT_OBJC_ISA_USAGE = YES_ERROR;
				CLANG_WARN_EMPTY_BODY = YES;
				CLANG_WARN_ENUM_CONVERSION = YES;
				CLANG_WARN_INT_CONVERSION = YES;
				CLANG_WARN_OBJC_ROOT_CLASS = YES_ERROR;
				CLANG_WARN_UNREACHABLE_CODE = YES;
				CLANG_WARN__DUPLICATE_METHOD_MATCH = YES;
				"CODE_SIGN_IDENTITY[sdk=iphoneos*]" = "iPhone Developer";
				COPY_PHASE_STRIP = NO;
				DEBUG_INFORMATION_FORMAT = "dwarf-with-dsym";
				ENABLE_NS_ASSERTIONS = NO;
				ENABLE_STRICT_OBJC_MSGSEND = YES;
				GCC_C_LANGUAGE_STANDARD = gnu99;
				GCC_NO_COMMON_BLOCKS = YES;
				GCC_WARN_64_TO_32_BIT_CONVERSION = YES;
				GCC_WARN_ABOUT_RETURN_TYPE = YES_ERROR;
				GCC_WARN_UNDECLARED_SELECTOR = YES;
				GCC_WARN_UNINITIALIZED_AUTOS = YES_AGGRESSIVE;
				GCC_WARN_UNUSED_FUNCTION = YES;
				GCC_WARN_UNUSED_VARIABLE = YES;
				IPHONEOS_DEPLOYMENT_TARGET = 9.1;
				MTL_ENABLE_DEBUG_INFO = NO;
				SDKROOT = iphoneos;
				VALIDATE_PRODUCT = YES;
			};
			name = Release;
		};
		BCEB77EA1C17BD580029F854 /* Debug */ = {
			isa = XCBuildConfiguration;
			buildSettings = {
				ASSETCATALOG_COMPILER_APPICON_NAME = AppIcon;
				INFOPLIST_FILE = TestGitHub/Info.plist;
				LD_RUNPATH_SEARCH_PATHS = "$(inherited) @executable_path/Frameworks";
				PRODUCT_BUNDLE_IDENTIFIER = cn.huqian.TestGitHub;
				PRODUCT_NAME = "$(TARGET_NAME)";
			};
			name = Debug;
		};
		BCEB77EB1C17BD580029F854 /* Release */ = {
			isa = XCBuildConfiguration;
			buildSettings = {
				ASSETCATALOG_COMPILER_APPICON_NAME = AppIcon;
				INFOPLIST_FILE = TestGitHub/Info.plist;
				LD_RUNPATH_SEARCH_PATHS = "$(inherited) @executable_path/Frameworks";
				PRODUCT_BUNDLE_IDENTIFIER = cn.huqian.TestGitHub;
				PRODUCT_NAME = "$(TARGET_NAME)";
			};
			name = Release;
		};
		BCEB77ED1C17BD580029F854 /* Debug */ = {
			isa = XCBuildConfiguration;
			buildSettings = {
				BUNDLE_LOADER = "$(TEST_HOST)";
				INFOPLIST_FILE = TestGitHubTests/Info.plist;
				LD_RUNPATH_SEARCH_PATHS = "$(inherited) @executable_path/Frameworks @loader_path/Frameworks";
				PRODUCT_BUNDLE_IDENTIFIER = cn.huqian.TestGitHubTests;
				PRODUCT_NAME = "$(TARGET_NAME)";
				TEST_HOST = "$(BUILT_PRODUCTS_DIR)/TestGitHub.app/TestGitHub";
			};
			name = Debug;
		};
		BCEB77EE1C17BD580029F854 /* Release */ = {
			isa = XCBuildConfiguration;
			buildSettings = {
				BUNDLE_LOADER = "$(TEST_HOST)";
				INFOPLIST_FILE = TestGitHubTests/Info.plist;
				LD_RUNPATH_SEARCH_PATHS = "$(inherited) @executable_path/Frameworks @loader_path/Frameworks";
				PRODUCT_BUNDLE_IDENTIFIER = cn.huqian.TestGitHubTests;
				PRODUCT_NAME = "$(TARGET_NAME)";
				TEST_HOST = "$(BUILT_PRODUCTS_DIR)/TestGitHub.app/TestGitHub";
			};
			name = Release;
		};
		BCEB77F01C17BD580029F854 /* Debug */ = {
			isa = XCBuildConfiguration;
			buildSettings = {
				INFOPLIST_FILE = TestGitHubUITests/Info.plist;
				LD_RUNPATH_SEARCH_PATHS = "$(inherited) @executable_path/Frameworks @loader_path/Frameworks";
				PRODUCT_BUNDLE_IDENTIFIER = cn.huqian.TestGitHubUITests;
				PRODUCT_NAME = "$(TARGET_NAME)";
				TEST_TARGET_NAME = TestGitHub;
				USES_XCTRUNNER = YES;
			};
			name = Debug;
		};
		BCEB77F11C17BD580029F854 /* Release */ = {
			isa = XCBuildConfiguration;
			buildSettings = {
				INFOPLIST_FILE = TestGitHubUITests/Info.plist;
				LD_RUNPATH_SEARCH_PATHS = "$(inherited) @executable_path/Frameworks @loader_path/Frameworks";
				PRODUCT_BUNDLE_IDENTIFIER = cn.huqian.TestGitHubUITests;
				PRODUCT_NAME = "$(TARGET_NAME)";
				TEST_TARGET_NAME = TestGitHub;
				USES_XCTRUNNER = YES;
			};
			name = Release;
		};
/* End XCBuildConfiguration section */

/* Begin XCConfigurationList section */
		BCEB77B41C17BD580029F854 /* Build configuration list for PBXProject "TestGitHub" */ = {
			isa = XCConfigurationList;
			buildConfigurations = (
				BCEB77E71C17BD580029F854 /* Debug */,
				BCEB77E81C17BD580029F854 /* Release */,
			);
			defaultConfigurationIsVisible = 0;
			defaultConfigurationName = Release;
		};
		BCEB77E91C17BD580029F854 /* Build configuration list for PBXNativeTarget "TestGitHub" */ = {
			isa = XCConfigurationList;
			buildConfigurations = (
				BCEB77EA1C17BD580029F854 /* Debug */,
				BCEB77EB1C17BD580029F854 /* Release */,
			);
			defaultConfigurationIsVisible = 0;
		};
		BCEB77EC1C17BD580029F854 /* Build configuration list for PBXNativeTarget "TestGitHubTests" */ = {
			isa = XCConfigurationList;
			buildConfigurations = (
				BCEB77ED1C17BD580029F854 /* Debug */,
				BCEB77EE1C17BD580029F854 /* Release */,
			);
			defaultConfigurationIsVisible = 0;
		};
		BCEB77EF1C17BD580029F854 /* Build configuration list for PBXNativeTarget "TestGitHubUITests" */ = {
			isa = XCConfigurationList;
			buildConfigurations = (
				BCEB77F01C17BD580029F854 /* Debug */,
				BCEB77F11C17BD580029F854 /* Release */,
			);
			defaultConfigurationIsVisible = 0;
		};
/* End XCConfigurationList section */

/* Begin XCVersionGroup section */
		BCEB77C81C17BD580029F854 /* TestGitHub.xcdatamodeld */ = {
			isa = XCVersionGroup;
			children = (
				BCEB77C91C17BD580029F854 /* TestGitHub.xcdatamodel */,
			);
			currentVersion = BCEB77C91C17BD580029F854 /* TestGitHub.xcdatamodel */;
			path = TestGitHub.xcdatamodeld;
			sourceTree = "<group>";
			versionGroupType = wrapper.xcdatamodel;
		};
/* End XCVersionGroup section */
	};
	rootObject = BCEB77B11C17BD580029F854 /* Project object */;
}
